
Microsoft Visual Studio Solution File, Format Version 12.00
# Visual Studio 2013
VisualStudioVersion = 12.0.21005.1
MinimumVisualStudioVersion = 10.0.40219.1
Project("{FAE04EC0-301F-11D3-BF4B-00C04F79EFBC}") = "BattleShip", "BattleShip\BattleShip.csproj", "{F42F11AC-FF35-4F7B-8BB3-ECF784BEDF50}"
EndProject
Global
	GlobalSection(SolutionConfigurationPlatforms) = preSolution
		Debug|Any CPU = Debug|Any CPU
		Release|Any CPU = Release|Any CPU
	EndGlobalSection
	GlobalSection(ProjectConfigurationPlatforms) = postSolution
		{F42F11AC-FF35-4F7B-8BB3-ECF784BEDF50}.Debug|Any CPU.ActiveCfg = Debug|Any CPU
		{F42F11AC-FF35-4F7B-8BB3-ECF784BEDF50}.Debug|Any CPU.Build.0 = Debug|Any CPU
		{F42F11AC-FF35-4F7B-8BB3-ECF784BEDF50}.Release|Any CPU.ActiveCfg = Release|Any CPU
		{F42F11AC-FF35-4F7B-8BB3-ECF784BEDF50}.Release|Any CPU.Build.0 = Release|Any CPU
	EndGlobalSection
	GlobalSection(SolutionProperties) = preSolution
		HideSolutionNode = FALSE
	EndGlobalSection
EndGlobal
